
Microsoft Visual Studio Solution File, Format Version 12.00
# Visual Studio Version 16
VisualStudioVersion = 16.0.31005.135
MinimumVisualStudioVersion = 10.0.40219.1
Project("{2150E333-8FDC-42A3-9474-1A3956D46DE8}") = "SmartUI", "SmartUI", "{ECD6029D-9F5A-41E2-A92B-0475664CD902}"
EndProject
Project("{2150E333-8FDC-42A3-9474-1A3956D46DE8}") = "SoC", "SoC", "{45E2E77F-6802-4D99-86FE-5213D954629C}"
EndProject
Project("{2150E333-8FDC-42A3-9474-1A3956D46DE8}") = "Backend", "Backend", "{638CF4EF-1987-4266-9ABA-5D6A7E6EA44A}"
EndProject
Project("{2150E333-8FDC-42A3-9474-1A3956D46DE8}") = "Frontend", "Frontend", "{71A315AA-D90B-42EC-BA66-8C772F52EE3C}"
EndProject
Project("{2150E333-8FDC-42A3-9474-1A3956D46DE8}") = "Test", "Test", "{64A413E5-AC7D-42E8-B327-7F7767F8B230}"
EndProject
Project("{FAE04EC0-301F-11D3-BF4B-00C04F79EFBC}") = "ITInnovDesign.SoC.Csharp.SmartUI", "ITInnovDesign.SoC.Csharp.SmartUI\ITInnovDesign.SoC.Csharp.SmartUI.csproj", "{C3BBF9BE-333A-4819-853C-0448AAC4BE4E}"
EndProject
Project("{FAE04EC0-301F-11D3-BF4B-00C04F79EFBC}") = "ItinnovDesign.SoC.Repository", "ItinnovDesign.SoC.Repository\ItinnovDesign.SoC.Repository.csproj", "{69E2B6CE-E54A-45C2-AACC-09ECAC11C3AD}"
EndProject
Project("{FAE04EC0-301F-11D3-BF4B-00C04F79EFBC}") = "ItinnovDesign.SoC.Model", "ItinnovDesign.SoC.Model\ItinnovDesign.SoC.Model.csproj", "{C29CCFBB-D1AC-4B5B-B5CF-02ED4C1E1096}"
EndProject
Project("{FAE04EC0-301F-11D3-BF4B-00C04F79EFBC}") = "ItinnovDesign.SoC.Service", "ItinnovDesign.SoC.Service\ItinnovDesign.SoC.Service.csproj", "{983E63BA-8306-4D8D-9ED3-3F2F82CE1C84}"
EndProject
Project("{FAE04EC0-301F-11D3-BF4B-00C04F79EFBC}") = "ItinnovDesign.SoC.Presentation", "ItinnovDesign.SoC.Presentation\ItinnovDesign.SoC.Presentation.csproj", "{7B88CE1E-AB05-4CD0-9CFB-2CF5D7BFB9D3}"
EndProject
Project("{FAE04EC0-301F-11D3-BF4B-00C04F79EFBC}") = "ItinnovDesign.SoC.WebUI", "ItinnovDesign.SoC.WebUI\ItinnovDesign.SoC.WebUI.csproj", "{323CBE97-B54A-4FC4-ACE5-465539DC8CD4}"
EndProject
Project("{FAE04EC0-301F-11D3-BF4B-00C04F79EFBC}") = "ItinnovDesign.SoC.WebUI.MVC", "ItinnovDesign.SoC.WebUI.MVC\ItinnovDesign.SoC.WebUI.MVC.csproj", "{549C87F0-C048-40AB-92D6-1932DF335EED}"
EndProject
Project("{FAE04EC0-301F-11D3-BF4B-00C04F79EFBC}") = "ItinnovDesign.SoC.WebUI.Angular", "ItinnovDesign.SoC.WebUI.Angular\ItinnovDesign.SoC.WebUI.Angular.csproj", "{B1D7B0A4-6C21-4C9E-9A31-845F667C8A6D}"
EndProject
Project("{FAE04EC0-301F-11D3-BF4B-00C04F79EFBC}") = "ItinnovDesign.SoC.Repository.Test", "ItinnovDesign.SoC.Repository.Test\ItinnovDesign.SoC.Repository.Test.csproj", "{45D4829B-F635-49BA-9CA5-71F717837600}"
EndProject
Project("{FAE04EC0-301F-11D3-BF4B-00C04F79EFBC}") = "ItinnovDesign.SoC.Service.test", "ItinnovDesign.SoC.Service.test\ItinnovDesign.SoC.Service.test.csproj", "{D8E3EC5D-274D-4650-95A2-6564D9266F6D}"
EndProject
Project("{2150E333-8FDC-42A3-9474-1A3956D46DE8}") = "Data Access Layer", "Data Access Layer", "{54E764B5-2EFF-49A5-914D-9B1B9775809B}"
EndProject
Project("{2150E333-8FDC-42A3-9474-1A3956D46DE8}") = "Buisness Logic Layer", "Buisness Logic Layer", "{BF737A17-A42A-4EE3-B3D3-47D43BA4A388}"
EndProject
Project("{2150E333-8FDC-42A3-9474-1A3956D46DE8}") = "Service Layer", "Service Layer", "{228D4A81-9404-484F-8609-EDA6F12FA7BF}"
EndProject
Project("{2150E333-8FDC-42A3-9474-1A3956D46DE8}") = "Presentation Layer", "Presentation Layer", "{FBECF8E6-44A0-4FC4-91EE-59700EDD1A4F}"
EndProject
Project("{2150E333-8FDC-42A3-9474-1A3956D46DE8}") = "User experience layer", "User experience layer", "{8243445B-10B9-429B-9514-C281029BD40F}"
EndProject
Project("{FAE04EC0-301F-11D3-BF4B-00C04F79EFBC}") = "ITInnovDesign.SoC.CodeFirstFromDBConsole", "ITInnovDesign.SoC.CodeFirstFromDBConsole\ITInnovDesign.SoC.CodeFirstFromDBConsole.csproj", "{7AF27148-BC70-4CB3-A56F-7495307ADDC3}"
EndProject
Global
	GlobalSection(SolutionConfigurationPlatforms) = preSolution
		Debug|Any CPU = Debug|Any CPU
		Release|Any CPU = Release|Any CPU
	EndGlobalSection
	GlobalSection(ProjectConfigurationPlatforms) = postSolution
		{C3BBF9BE-333A-4819-853C-0448AAC4BE4E}.Debug|Any CPU.ActiveCfg = Debug|Any CPU
		{C3BBF9BE-333A-4819-853C-0448AAC4BE4E}.Debug|Any CPU.Build.0 = Debug|Any CPU
		{C3BBF9BE-333A-4819-853C-0448AAC4BE4E}.Release|Any CPU.ActiveCfg = Release|Any CPU
		{C3BBF9BE-333A-4819-853C-0448AAC4BE4E}.Release|Any CPU.Build.0 = Release|Any CPU
		{69E2B6CE-E54A-45C2-AACC-09ECAC11C3AD}.Debug|Any CPU.ActiveCfg = Debug|Any CPU
		{69E2B6CE-E54A-45C2-AACC-09ECAC11C3AD}.Debug|Any CPU.Build.0 = Debug|Any CPU
		{69E2B6CE-E54A-45C2-AACC-09ECAC11C3AD}.Release|Any CPU.ActiveCfg = Release|Any CPU
		{69E2B6CE-E54A-45C2-AACC-09ECAC11C3AD}.Release|Any CPU.Build.0 = Release|Any CPU
		{C29CCFBB-D1AC-4B5B-B5CF-02ED4C1E1096}.Debug|Any CPU.ActiveCfg = Debug|Any CPU
		{C29CCFBB-D1AC-4B5B-B5CF-02ED4C1E1096}.Debug|Any CPU.Build.0 = Debug|Any CPU
		{C29CCFBB-D1AC-4B5B-B5CF-02ED4C1E1096}.Release|Any CPU.ActiveCfg = Release|Any CPU
		{C29CCFBB-D1AC-4B5B-B5CF-02ED4C1E1096}.Release|Any CPU.Build.0 = Release|Any CPU
		{983E63BA-8306-4D8D-9ED3-3F2F82CE1C84}.Debug|Any CPU.ActiveCfg = Debug|Any CPU
		{983E63BA-8306-4D8D-9ED3-3F2F82CE1C84}.Debug|Any CPU.Build.0 = Debug|Any CPU
		{983E63BA-8306-4D8D-9ED3-3F2F82CE1C84}.Release|Any CPU.ActiveCfg = Release|Any CPU
		{983E63BA-8306-4D8D-9ED3-3F2F82CE1C84}.Release|Any CPU.Build.0 = Release|Any CPU
		{7B88CE1E-AB05-4CD0-9CFB-2CF5D7BFB9D3}.Debug|Any CPU.ActiveCfg = Debug|Any CPU
		{7B88CE1E-AB05-4CD0-9CFB-2CF5D7BFB9D3}.Debug|Any CPU.Build.0 = Debug|Any CPU
		{7B88CE1E-AB05-4CD0-9CFB-2CF5D7BFB9D3}.Release|Any CPU.ActiveCfg = Release|Any CPU
		{7B88CE1E-AB05-4CD0-9CFB-2CF5D7BFB9D3}.Release|Any CPU.Build.0 = Release|Any CPU
		{323CBE97-B54A-4FC4-ACE5-465539DC8CD4}.Debug|Any CPU.ActiveCfg = Debug|Any CPU
		{323CBE97-B54A-4FC4-ACE5-465539DC8CD4}.Debug|Any CPU.Build.0 = Debug|Any CPU
		{323CBE97-B54A-4FC4-ACE5-465539DC8CD4}.Release|Any CPU.ActiveCfg = Release|Any CPU
		{323CBE97-B54A-4FC4-ACE5-465539DC8CD4}.Release|Any CPU.Build.0 = Release|Any CPU
		{549C87F0-C048-40AB-92D6-1932DF335EED}.Debug|Any CPU.ActiveCfg = Debug|Any CPU
		{549C87F0-C048-40AB-92D6-1932DF335EED}.Debug|Any CPU.Build.0 = Debug|Any CPU
		{549C87F0-C048-40AB-92D6-1932DF335EED}.Release|Any CPU.ActiveCfg = Release|Any CPU
		{549C87F0-C048-40AB-92D6-1932DF335EED}.Release|Any CPU.Build.0 = Release|Any CPU
		{B1D7B0A4-6C21-4C9E-9A31-845F667C8A6D}.Debug|Any CPU.ActiveCfg = Debug|Any CPU
		{B1D7B0A4-6C21-4C9E-9A31-845F667C8A6D}.Debug|Any CPU.Build.0 = Debug|Any CPU
		{B1D7B0A4-6C21-4C9E-9A31-845F667C8A6D}.Release|Any CPU.ActiveCfg = Release|Any CPU
		{B1D7B0A4-6C21-4C9E-9A31-845F667C8A6D}.Release|Any CPU.Build.0 = Release|Any CPU
		{45D4829B-F635-49BA-9CA5-71F717837600}.Debug|Any CPU.ActiveCfg = Debug|Any CPU
		{45D4829B-F635-49BA-9CA5-71F717837600}.Debug|Any CPU.Build.0 = Debug|Any CPU
		{45D4829B-F635-49BA-9CA5-71F717837600}.Release|Any CPU.ActiveCfg = Release|Any CPU
		{45D4829B-F635-49BA-9CA5-71F717837600}.Release|Any CPU.Build.0 = Release|Any CPU
		{D8E3EC5D-274D-4650-95A2-6564D9266F6D}.Debug|Any CPU.ActiveCfg = Debug|Any CPU
		{D8E3EC5D-274D-4650-95A2-6564D9266F6D}.Debug|Any CPU.Build.0 = Debug|Any CPU
		{D8E3EC5D-274D-4650-95A2-6564D9266F6D}.Release|Any CPU.ActiveCfg = Release|Any CPU
		{D8E3EC5D-274D-4650-95A2-6564D9266F6D}.Release|Any CPU.Build.0 = Release|Any CPU
		{7AF27148-BC70-4CB3-A56F-7495307ADDC3}.Debug|Any CPU.ActiveCfg = Debug|Any CPU
		{7AF27148-BC70-4CB3-A56F-7495307ADDC3}.Debug|Any CPU.Build.0 = Debug|Any CPU
		{7AF27148-BC70-4CB3-A56F-7495307ADDC3}.Release|Any CPU.ActiveCfg = Release|Any CPU
		{7AF27148-BC70-4CB3-A56F-7495307ADDC3}.Release|Any CPU.Build.0 = Release|Any CPU
	EndGlobalSection
	GlobalSection(SolutionProperties) = preSolution
		HideSolutionNode = FALSE
	EndGlobalSection
	GlobalSection(NestedProjects) = preSolution
		{638CF4EF-1987-4266-9ABA-5D6A7E6EA44A} = {45E2E77F-6802-4D99-86FE-5213D954629C}
		{71A315AA-D90B-42EC-BA66-8C772F52EE3C} = {45E2E77F-6802-4D99-86FE-5213D954629C}
		{64A413E5-AC7D-42E8-B327-7F7767F8B230} = {45E2E77F-6802-4D99-86FE-5213D954629C}
		{C3BBF9BE-333A-4819-853C-0448AAC4BE4E} = {ECD6029D-9F5A-41E2-A92B-0475664CD902}
		{69E2B6CE-E54A-45C2-AACC-09ECAC11C3AD} = {54E764B5-2EFF-49A5-914D-9B1B9775809B}
		{C29CCFBB-D1AC-4B5B-B5CF-02ED4C1E1096} = {BF737A17-A42A-4EE3-B3D3-47D43BA4A388}
		{983E63BA-8306-4D8D-9ED3-3F2F82CE1C84} = {228D4A81-9404-484F-8609-EDA6F12FA7BF}
		{7B88CE1E-AB05-4CD0-9CFB-2CF5D7BFB9D3} = {FBECF8E6-44A0-4FC4-91EE-59700EDD1A4F}
		{323CBE97-B54A-4FC4-ACE5-465539DC8CD4} = {8243445B-10B9-429B-9514-C281029BD40F}
		{549C87F0-C048-40AB-92D6-1932DF335EED} = {8243445B-10B9-429B-9514-C281029BD40F}
		{B1D7B0A4-6C21-4C9E-9A31-845F667C8A6D} = {8243445B-10B9-429B-9514-C281029BD40F}
		{45D4829B-F635-49BA-9CA5-71F717837600} = {64A413E5-AC7D-42E8-B327-7F7767F8B230}
		{D8E3EC5D-274D-4650-95A2-6564D9266F6D} = {64A413E5-AC7D-42E8-B327-7F7767F8B230}
		{54E764B5-2EFF-49A5-914D-9B1B9775809B} = {638CF4EF-1987-4266-9ABA-5D6A7E6EA44A}
		{BF737A17-A42A-4EE3-B3D3-47D43BA4A388} = {638CF4EF-1987-4266-9ABA-5D6A7E6EA44A}
		{228D4A81-9404-484F-8609-EDA6F12FA7BF} = {638CF4EF-1987-4266-9ABA-5D6A7E6EA44A}
		{FBECF8E6-44A0-4FC4-91EE-59700EDD1A4F} = {638CF4EF-1987-4266-9ABA-5D6A7E6EA44A}
		{8243445B-10B9-429B-9514-C281029BD40F} = {71A315AA-D90B-42EC-BA66-8C772F52EE3C}
		{7AF27148-BC70-4CB3-A56F-7495307ADDC3} = {638CF4EF-1987-4266-9ABA-5D6A7E6EA44A}
	EndGlobalSection
	GlobalSection(ExtensibilityGlobals) = postSolution
		SolutionGuid = {42ED4998-1BDC-435B-98F9-C27EEDAF10DC}
	EndGlobalSection
EndGlobal
